github.com/alphacep/vosk-api/go v0.3.50 h1:2vSN41RCU1WdHEqBrhKtTggfKL6Yu5Dmj+urVszwiuw=
github.com/alphacep/vosk-api/go v0.3.50/go.mod h1:9X8IJsHnFk/b1xyvjlZifo+ZL5VTAx3LW+JQce/eRcA=
github.com/go-ole/go-ole v1.2.6/go.mod h1:pprOEPIfldk/42T2oK7lQ4v4JSDwmV0As9GaiUsvbm0=
github.com/go-ole/go-ole v1.3.0 h1:Dt6ye7+vXGIKZ7Xtk4s6/xVdGDQynvom7xCFEdWr6uE=
github.com/go-ole/go-ole v1.3.0/go.mod h1:5LS6F96DhAwUc7C+1HLexzMXY1xGRSryjyPPKW6zv78=
github.com/gorilla/websocket v1.5.3 h1:saDtZ6Pbx/0u+bgYQ3q96pZgCzfhKXGPqt7kZ72aNNg=
github.com/gorilla/websocket v1.5.3/go.mod h1:YR8l580nyteQvAITg2hZ9XVh4b55+EU/adAjf1fMHhE=
github.com/k2-fsa/sherpa-onnx-go v1.13.4 h1:Wu+UTUZTgtOhbCSNxhTHs9vX512gRYJtpX0H0GBA9fA=
github.com/k2-fsa/sherpa-onnx-go v1.13.4/go.mod h1:TgfGAQGgtrok0kkX5d67sjp0AiNF6EwcVTPvJdYJ8BI=
github.com/k2-fsa/sherpa-onnx-go-windows v1.13.4 h1:FFHlCnTwB2H7X4OUAQwRfeFqU0aV5yOeEvpJAS0G75s=
github.com/k2-fsa/sherpa-onnx-go-windows v1.13.4/go.mod h1:5AX7TU8+P/gInjglY1ijtWUM2b8iyR0QX4yEngzMe64=
github.com/moutend/go-wca v0.3.0 h1:IzhsQ44zBzMdT42xlBjiLSVya9cPYOoKx9E+yXVhFo8=
github.com/moutend/go-wca v0.3.0/go.mod h1:7VrPO512jnjFGJ6rr+zOoCfiYjOHRPNfbttJuxAurcw=
golang.org/x/sys v0.0.0-20190916202348-b4ddaad3f8a3/go.mod h1:h1NjWce9XRLGQEsW7wpKNCjG9DtNlClVuFLEZdDNbEs=
golang.org/x/sys v0.1.0 h1:kunALQeHf1/185U1i0GOB/fy1IPRDDpuoOOqRReG57U=
golang.org/x/sys v0.1.0/go.mod h1:oPkhp1MJrh7nUepCBck5+mAzfO9JrbApNNgaTdGDITg=
